
Microsoft Visual Studio Solution File, Format Version 12.00
# Visual Studio Version 16
VisualStudioVersion = 16.0.28803.452
MinimumVisualStudioVersion = 10.0.40219.1
Project("{FAE04EC0-301F-11D3-BF4B-00C04F79EFBC}") = "ListView", "ListView\ListView.csproj", "{24B3DE38-6BFD-47DA-933E-286D4884E600}"
EndProject
Global
	GlobalSection(SolutionConfigurationPlatforms) = preSolution
		Debug|Any CPU = Debug|Any CPU
		Release|Any CPU = Release|Any CPU
	EndGlobalSection
	GlobalSection(ProjectConfigurationPlatforms) = postSolution
		{24B3DE38-6BFD-47DA-933E-286D4884E600}.Debug|Any CPU.ActiveCfg = Debug|Any CPU
		{24B3DE38-6BFD-47DA-933E-286D4884E600}.Debug|Any CPU.Build.0 = Debug|Any CPU
		{24B3DE38-6BFD-47DA-933E-286D4884E600}.Release|Any CPU.ActiveCfg = Release|Any CPU
		{24B3DE38-6BFD-47DA-933E-286D4884E600}.Release|Any CPU.Build.0 = Release|Any CPU
	EndGlobalSection
	GlobalSection(SolutionProperties) = preSolution
		HideSolutionNode = FALSE
	EndGlobalSection
	GlobalSection(ExtensibilityGlobals) = postSolution
		SolutionGuid = {E6DC8D03-99B1-4744-9271-3A95DBC24105}
	EndGlobalSection
EndGlobal
